{
  "name": "clite-node",
  "version": "1.0.0",
  "lockfileVersion": 3,
  "requires": true,
  "packages": {
    "": {
      "name": "clite-node",
      "version": "1.0.0",
      "license": "MIT",
      "dependencies": {
        "@jersou/clite": "npm:@jsr/jersou__clite@0.7.1"
      }
    },
    "node_modules/@jersou/clite": {
      "name": "@jsr/jersou__clite",
      "version": "0.7.1",
      "resolved": "https://npm.jsr.io/~/11/@jsr/jersou__clite/0.7.1.tgz",
      "integrity": "sha512-LBwJfjMqMsjgrus06agMMXcokUm/uzvLeD+6ft6Aae+qsVnO/eiMBC7hH+Wynah3mH2AXQ2Dd7mdD9yR4j1XIQ==",
      "dependencies": {
        "@jsr/std__cli": "^1.0.6",
        "@jsr/std__fmt": "^1.0.2",
        "@jsr/std__text": "^1.0.7"
      }
    },
    "node_modules/@jsr/std__cli": {
      "version": "1.0.6",
      "resolved": "https://npm.jsr.io/~/11/@jsr/std__cli/1.0.6.tgz",
      "integrity": "sha512-aWfDn9Hsr8wGI1D0nX4o1ADCt93gerYy3bU7zXrlymxD1HXTWj3EfgOq2/cKmpcTmR/PWBensX4AnenprWb9cA=="
    },
    "node_modules/@jsr/std__fmt": {
      "version": "1.0.2",
      "resolved": "https://npm.jsr.io/~/11/@jsr/std__fmt/1.0.2.tgz",
      "integrity": "sha512-VGilBV5pwG+4nAuEt2ShJtbkfbIf8WgjyKQT+LCpubjILPygeBF3DL2gTsGM5khMLeWb0n46ZE7cnoWBqCuuRw=="
    },
    "node_modules/@jsr/std__text": {
      "version": "1.0.7",
      "resolved": "https://npm.jsr.io/~/11/@jsr/std__text/1.0.7.tgz",
      "integrity": "sha512-ZC1JOSP4PojZtxT4LVazgfV+cnB/0CDirqL1wC/oylEExRQRA/vzWpmvjK40K6Ca32q1ZDYLBeoqCIDJVE9ceg=="
    }
  }
}
