{
  "version": "3",
  "packages": {
    "specifiers": {
      "jsr:@std/assert@1.0.5": "jsr:@std/assert@1.0.5",
      "jsr:@std/fmt@1.0.2": "jsr:@std/fmt@1.0.2",
      "jsr:@std/internal@^1.0.3": "jsr:@std/internal@1.0.3",
      "jsr:@std/text@1.0.6": "jsr:@std/text@1.0.6"
    },
    "jsr": {
      "@std/assert@1.0.5": {
        "integrity": "e37da8e4033490ce613eec4ac1d78dba1faf5b02a3f6c573a28f15365b9b440f",
        "dependencies": [
          "jsr:@std/internal@^1.0.3"
        ]
      },
      "@std/fmt@1.0.2": {
        "integrity": "87e9dfcdd3ca7c066e0c3c657c1f987c82888eb8103a3a3baa62684ffeb0f7a7"
      },
      "@std/internal@1.0.3": {
        "integrity": "208e9b94a3d5649bd880e9ca38b885ab7651ab5b5303a56ed25de4755fb7b11e"
      },
      "@std/text@1.0.6": {
        "integrity": "7051a5b72916900df19a7bbbbbf6412a475d0e3306a28119e9a63199e2608965"
      }
    }
  },
  "remote": {}
}
