{
  "version": "3",
  "remote": {
    "https://deno.land/std@0.212.0/assert/assert.ts": "bec068b2fccdd434c138a555b19a2c2393b71dfaada02b7d568a01541e67cdc5",
    "https://deno.land/std@0.212.0/assert/assertion_error.ts": "9f689a101ee586c4ce92f52fa7ddd362e86434ffdf1f848e45987dc7689976b8",
    "https://deno.land/std@0.212.0/text/_util.ts": "71af7c5e9647ab7f418e6646008dab431a6f19978188844514af3fe7bc2db255",
    "https://deno.land/std@0.212.0/text/case.ts": "3307dbcb8160bb50d392317191562df5a3a9aa3c5d9010cb44974cc9acb13850",
    "https://deno.land/std@0.212.0/text/closest_string.ts": "8a91ee8b6d69ff96addcb7c251dad53b476ac8be9c756a0ef786abe9e13a93a5",
    "https://deno.land/std@0.212.0/text/compare_similarity.ts": "1d54eca10f33bd0889760c04984fc990ac9c247b79ff75f0f207ed1a2563c11c",
    "https://deno.land/std@0.212.0/text/levenshtein_distance.ts": "24be5cc88326bbba83ca7c1ea89259af0050cffda2817ff3a6d240ad6495eae2",
    "https://deno.land/std@0.212.0/text/mod.ts": "216a1b4c4c0b2c6718e9af020e9f7d439158e5421442458b7b98cd32d8b6a109",
    "https://deno.land/std@0.212.0/text/word_similarity_sort.ts": "579760a2cb4075a6d5960bce161eb8bb84ea3d15f0747bb55f190a2b122b94fb"
  }
}
