{
  "name": "clite-node",
  "version": "1.0.0",
  "lockfileVersion": 3,
  "requires": true,
  "packages": {
    "": {
      "name": "clite-node",
      "version": "1.0.0",
      "license": "MIT",
      "dependencies": {
        "@jersou/clite": "npm:@jsr/jersou__clite@^0.3.1"
      }
    },
    "node_modules/@jersou/clite": {
      "name": "@jsr/jersou__clite",
      "version": "0.3.1",
      "resolved": "https://npm.jsr.io/~/11/@jsr/jersou__clite/0.3.1.tgz",
      "integrity": "sha512-2jorOYd759qlt/WA0UW2qsxf/fyahyIyOpCNvHldIK6cVZC0ZyL30TaoVL7SOeH6GRf5zyJAxQ0dmm6ZSmNHdg==",
      "dependencies": {
        "@jsr/std__fmt": "^1.0.2",
        "@jsr/std__text": "^1.0.5"
      }
    },
    "node_modules/@jsr/std__fmt": {
      "version": "1.0.2",
      "resolved": "https://npm.jsr.io/~/11/@jsr/std__fmt/1.0.2.tgz",
      "integrity": "sha512-VGilBV5pwG+4nAuEt2ShJtbkfbIf8WgjyKQT+LCpubjILPygeBF3DL2gTsGM5khMLeWb0n46ZE7cnoWBqCuuRw=="
    },
    "node_modules/@jsr/std__text": {
      "version": "1.0.5",
      "resolved": "https://npm.jsr.io/~/11/@jsr/std__text/1.0.5.tgz",
      "integrity": "sha512-jWw1BLSnEqh01o5+8W6PrMi3QrzkA1VQwxwpox4SpRaqnsVmA9SOFqz3yCYgzbGWHoD+hGTyFCMokj0Ycu7xDQ=="
    }
  }
}
