{
  "name": "clite-node",
  "version": "1.0.0",
  "lockfileVersion": 3,
  "requires": true,
  "packages": {
    "": {
      "name": "clite-node",
      "version": "1.0.0",
      "license": "MIT",
      "dependencies": {
        "@jersou/clite": "npm:@jsr/jersou__clite@0.4.0"
      }
    },
    "node_modules/@jersou/clite": {
      "name": "@jsr/jersou__clite",
      "version": "0.4.0",
      "resolved": "https://npm.jsr.io/~/11/@jsr/jersou__clite/0.4.0.tgz",
      "integrity": "sha512-N5IpWz0b+2GGTL7ZIk23ALJ13rJrgx0towuxikv6MOpoFufx0BAttPzgDI12UKwuKIyRnZE+6vYYK8KX6lI+Aw==",
      "dependencies": {
        "@jsr/std__fmt": "1.0.2",
        "@jsr/std__text": "1.0.6"
      }
    },
    "node_modules/@jsr/std__fmt": {
      "version": "1.0.2",
      "resolved": "https://npm.jsr.io/~/11/@jsr/std__fmt/1.0.2.tgz",
      "integrity": "sha512-VGilBV5pwG+4nAuEt2ShJtbkfbIf8WgjyKQT+LCpubjILPygeBF3DL2gTsGM5khMLeWb0n46ZE7cnoWBqCuuRw=="
    },
    "node_modules/@jsr/std__text": {
      "version": "1.0.6",
      "resolved": "https://npm.jsr.io/~/11/@jsr/std__text/1.0.6.tgz",
      "integrity": "sha512-045AmIgR/+RKZgYrsGFaIVa7zGl2lVz4epEbUU+Z5IWGLO7DWGRpP/ciOMpsM6JCUnoNh3zlw5L69wLUEHxTCA=="
    }
  }
}
