{
  "name": "clite-node",
  "version": "1.0.0",
  "lockfileVersion": 3,
  "requires": true,
  "packages": {
    "": {
      "name": "clite-node",
      "version": "1.0.0",
      "license": "MIT",
      "dependencies": {
        "clite-parser": "0.2.1"
      }
    },
    "node_modules/clite-parser": {
      "version": "0.2.1",
      "resolved": "https://registry.npmjs.org/clite-parser/-/clite-parser-0.2.1.tgz",
      "integrity": "sha512-zJi36WveBQmw7Kut2LVX99uWE7+nEWuN/P3WuJoLCx5DZg+JyhA+NPiqP3dh4cn9jWMhYFTIuiyNdSHceuY/jQ=="
    }
  }
}
