{
  "name": "clite-node",
  "version": "1.0.0",
  "lockfileVersion": 3,
  "requires": true,
  "packages": {
    "": {
      "name": "clite-node",
      "version": "1.0.0",
      "license": "MIT",
      "dependencies": {
        "clite-parser": "0.8.0"
      }
    },
    "node_modules/clite-parser": {
      "version": "0.8.0",
      "resolved": "https://registry.npmjs.org/clite-parser/-/clite-parser-0.8.0.tgz",
      "integrity": "sha512-+63B4Setc1/ydnkyd0ZTRuxshKktK/Q8S+P98w5ZTPIJba4428FUDxOr6/3MhJLNcKZdQ7cLGSAZoQb8Glxz5A=="
    }
  }
}
