{
  "name": "cli-from-node",
  "version": "1.0.0",
  "lockfileVersion": 3,
  "requires": true,
  "packages": {
    "": {
      "name": "cli-from-node",
      "version": "1.0.0",
      "license": "MIT",
      "dependencies": {
        "cli-from": "0.9.1",
        "zx": "^8.1.9"
      }
    },
    "node_modules/cli-from": {
      "version": "0.9.1",
      "resolved": "https://registry.npmjs.org/cli-from/-/cli-from-0.9.1.tgz",
      "integrity": "sha512-hH5zYx700UcPjMwJ1DkIDXb8qooUMkIQhGECFfUBkT/yUo2tyT5+iuVjB9cw558gMNkVzC0gLVQJsthsap1W1w=="
    },
    "node_modules/zx": {
      "version": "8.8.5",
      "resolved": "https://registry.npmjs.org/zx/-/zx-8.8.5.tgz",
      "integrity": "sha512-SNgDF5L0gfN7FwVOdEFguY3orU5AkfFZm9B5YSHog/UDHv+lvmd82ZAsOenOkQixigwH2+yyH198AwNdKhj+RA==",
      "license": "Apache-2.0",
      "bin": {
        "zx": "build/cli.js"
      },
      "engines": {
        "node": ">= 12.17.0"
      }
    }
  }
}
