{
  "name": "clite-node",
  "version": "1.0.0",
  "lockfileVersion": 3,
  "requires": true,
  "packages": {
    "": {
      "name": "clite-node",
      "version": "1.0.0",
      "license": "MIT",
      "dependencies": {
        "clite-parser": "0.7.2",
        "zx": "^8.1.9"
      }
    },
    "node_modules/@types/fs-extra": {
      "version": "11.0.4",
      "resolved": "https://registry.npmjs.org/@types/fs-extra/-/fs-extra-11.0.4.tgz",
      "integrity": "sha512-yTbItCNreRooED33qjunPthRcSjERP1r4MqCZc7wv0u2sUkzTFp45tgUfS5+r7FrZPdmCCNflLhVSP/o+SemsQ==",
      "license": "MIT",
      "optional": true,
      "dependencies": {
        "@types/jsonfile": "*",
        "@types/node": "*"
      }
    },
    "node_modules/@types/jsonfile": {
      "version": "6.1.4",
      "resolved": "https://registry.npmjs.org/@types/jsonfile/-/jsonfile-6.1.4.tgz",
      "integrity": "sha512-D5qGUYwjvnNNextdU59/+fI+spnwtTFmyQP0h+PfIOSkNfpU6AOICUOkm4i0OnSk+NyjdPJrxCDro0sJsWlRpQ==",
      "license": "MIT",
      "optional": true,
      "dependencies": {
        "@types/node": "*"
      }
    },
    "node_modules/@types/node": {
      "version": "22.7.7",
      "resolved": "https://registry.npmjs.org/@types/node/-/node-22.7.7.tgz",
      "integrity": "sha512-SRxCrrg9CL/y54aiMCG3edPKdprgMVGDXjA3gB8UmmBW5TcXzRUYAh8EWzTnSJFAd1rgImPELza+A3bJ+qxz8Q==",
      "license": "MIT",
      "optional": true,
      "dependencies": {
        "undici-types": "~6.19.2"
      }
    },
    "node_modules/clite-parser": {
      "version": "0.7.2",
      "resolved": "https://registry.npmjs.org/clite-parser/-/clite-parser-0.7.2.tgz",
      "integrity": "sha512-gUzgFG7YTogB/JCJVhfS7D4hpVcXsNoRoo629GGyBuvvdgmqzdWIhylq75W6e1Mj4w3Q7cjhuoI5TLb7l8xs6g=="
    },
    "node_modules/undici-types": {
      "version": "6.19.8",
      "resolved": "https://registry.npmjs.org/undici-types/-/undici-types-6.19.8.tgz",
      "integrity": "sha512-ve2KP6f/JnbPBFyobGHuerC9g1FYGn/F8n1LWTwNxCEzd6IfqTwUQcNXgEtmmQ6DlRrC1hrSrBnCZPokRrDHjw==",
      "license": "MIT",
      "optional": true
    },
    "node_modules/zx": {
      "version": "8.1.9",
      "resolved": "https://registry.npmjs.org/zx/-/zx-8.1.9.tgz",
      "integrity": "sha512-UHuLHphHmsBYKkAchkSrEN4nzDyagafqC9HUxtc1J7eopaScW6H9dsLJ1lmkAntnLtDTGoM8fa+jrJrXiIfKFA==",
      "license": "Apache-2.0",
      "bin": {
        "zx": "build/cli.js"
      },
      "engines": {
        "node": ">= 12.17.0"
      },
      "optionalDependencies": {
        "@types/fs-extra": ">=11",
        "@types/node": ">=20"
      }
    }
  }
}
