{
  "name": "clinfer-node",
  "version": "1.0.0",
  "lockfileVersion": 3,
  "requires": true,
  "packages": {
    "": {
      "name": "clinfer-node",
      "version": "1.0.0",
      "license": "MIT",
      "dependencies": {
        "clinfer": "0.9.2",
        "dax-sh": "0.42.0"
      }
    },
    "node_modules/@deno/shim-deno": {
      "version": "0.19.2",
      "resolved": "https://registry.npmjs.org/@deno/shim-deno/-/shim-deno-0.19.2.tgz",
      "integrity": "sha512-q3VTHl44ad8T2Tw2SpeAvghdGOjlnLPDNO2cpOxwMrBE/PVas6geWpbpIgrM+czOCH0yejp0yi8OaTuB+NU40Q==",
      "license": "MIT",
      "dependencies": {
        "@deno/shim-deno-test": "^0.5.0",
        "which": "^4.0.0"
      }
    },
    "node_modules/@deno/shim-deno-test": {
      "version": "0.5.0",
      "resolved": "https://registry.npmjs.org/@deno/shim-deno-test/-/shim-deno-test-0.5.0.tgz",
      "integrity": "sha512-4nMhecpGlPi0cSzT67L+Tm+GOJqvuk8gqHBziqcUQOarnuIax1z96/gJHCSIz2Z0zhxE6Rzwb3IZXPtFh51j+w==",
      "license": "MIT"
    },
    "node_modules/clinfer": {
      "version": "0.9.2",
      "resolved": "https://registry.npmjs.org/clinfer/-/clinfer-0.9.2.tgz",
      "integrity": "sha512-niwUFwpX/3I4lqEsNDwOAxDiztb0n3s6TnNi7bLiFRPKi1QSsLcn+MBzUj/YJ5XW/iYLcvKSnVAfBDwbdeUsmg=="
    },
    "node_modules/dax-sh": {
      "version": "0.42.0",
      "resolved": "https://registry.npmjs.org/dax-sh/-/dax-sh-0.42.0.tgz",
      "integrity": "sha512-VxTiRJPYJWRw7XIP67w+iFx0DETNaYYYacWBm8c1zibHsliPXgzVAw7NiGTRum2+KIAEA1MBkiP1308NQoIgUA==",
      "deprecated": "This package has moved to simply be 'dax' instead of 'dax-sh'",
      "license": "MIT",
      "dependencies": {
        "@deno/shim-deno": "~0.19.0",
        "undici-types": "^5.26"
      }
    },
    "node_modules/isexe": {
      "version": "3.1.5",
      "resolved": "https://registry.npmjs.org/isexe/-/isexe-3.1.5.tgz",
      "integrity": "sha512-6B3tLtFqtQS4ekarvLVMZ+X+VlvQekbe4taUkf/rhVO3d/h0M2rfARm/pXLcPEsjjMsFgrFgSrhQIxcSVrBz8w==",
      "license": "BlueOak-1.0.0",
      "engines": {
        "node": ">=18"
      }
    },
    "node_modules/undici-types": {
      "version": "5.28.4",
      "resolved": "https://registry.npmjs.org/undici-types/-/undici-types-5.28.4.tgz",
      "integrity": "sha512-3OeMF5Lyowe8VW0skf5qaIE7Or3yS9LS7fvMUI0gg4YxpIBVg0L8BxCmROw2CcYhSkpR68Epz7CGc8MPj94Uww==",
      "license": "MIT"
    },
    "node_modules/which": {
      "version": "4.0.0",
      "resolved": "https://registry.npmjs.org/which/-/which-4.0.0.tgz",
      "integrity": "sha512-GlaYyEb07DPxYCKhKzplCWBJtvxZcZMrL+4UkrTSJHHPyZU4mYYTv3qaOe77H7EODLSSopAUFAc6W8U4yqvscg==",
      "license": "ISC",
      "dependencies": {
        "isexe": "^3.1.1"
      },
      "bin": {
        "node-which": "bin/which.js"
      },
      "engines": {
        "node": "^16.13.0 || >=18.0.0"
      }
    }
  }
}
